<?xml version="1.0" encoding="utf-8"?>
<Project ToolsVersion="4.0" xmlns="http://schemas.microsoft.com/developer/msbuild/2003">
  <ItemGroup>
    <ClCompile Include="j1Main.cpp" />
    <ClCompile Include="j1App.cpp" />
    <ClCompile Include="p2Log.cpp">
      <Filter>Prog 2</Filter>
    </ClCompile>
    <ClCompile Include="PugiXml\src\pugixml.cpp">
      <Filter>Pugi::XML</Filter>
    </ClCompile>
    <ClCompile Include="j1Audio.cpp">
      <Filter>Modules</Filter>
    </ClCompile>
    <ClCompile Include="j1FadeToBlack.cpp">
      <Filter>Modules</Filter>
    </ClCompile>
    <ClCompile Include="j1Input.cpp">
      <Filter>Modules</Filter>
    </ClCompile>
    <ClCompile Include="j1Map.cpp">
      <Filter>Modules</Filter>
    </ClCompile>
    <ClCompile Include="j1Physic.cpp">
      <Filter>Modules</Filter>
    </ClCompile>
    <ClCompile Include="j1Player.cpp">
      <Filter>Modules</Filter>
    </ClCompile>
    <ClCompile Include="j1Render.cpp">
      <Filter>Modules</Filter>
    </ClCompile>
    <ClCompile Include="j1Scene.cpp">
      <Filter>Modules</Filter>
    </ClCompile>
    <ClCompile Include="j1Textures.cpp">
      <Filter>Modules</Filter>
    </ClCompile>
    <ClCompile Include="j1Window.cpp">
      <Filter>Modules</Filter>
    </ClCompile>
  </ItemGroup>
  <ItemGroup>
    <ClInclude Include="Animation.h" />
    <ClInclude Include="j1App.h" />
    <ClInclude Include="p2Vec3.h">
      <Filter>Prog 2</Filter>
    </ClInclude>
    <ClInclude Include="p2Defs.h">
      <Filter>Prog 2</Filter>
    </ClInclude>
    <ClInclude Include="p2DynArray.h">
      <Filter>Prog 2</Filter>
    </ClInclude>
    <ClInclude Include="p2List.h">
      <Filter>Prog 2</Filter>
    </ClInclude>
    <ClInclude Include="p2Log.h">
      <Filter>Prog 2</Filter>
    </ClInclude>
    <ClInclude Include="p2Point.h">
      <Filter>Prog 2</Filter>
    </ClInclude>
    <ClInclude Include="p2SString.h">
      <Filter>Prog 2</Filter>
    </ClInclude>
    <ClInclude Include="PugiXml\src\pugiconfig.hpp">
      <Filter>Pugi::XML</Filter>
    </ClInclude>
    <ClInclude Include="PugiXml\src\pugixml.hpp">
      <Filter>Pugi::XML</Filter>
    </ClInclude>
    <ClInclude Include="j1Audio.h">
      <Filter>Modules</Filter>
    </ClInclude>
    <ClInclude Include="j1FadeToBlack.h">
      <Filter>Modules</Filter>
    </ClInclude>
    <ClInclude Include="j1Input.h">
      <Filter>Modules</Filter>
    </ClInclude>
    <ClInclude Include="j1Map.h">
      <Filter>Modules</Filter>
    </ClInclude>
    <ClInclude Include="j1Module.h">
      <Filter>Modules</Filter>
    </ClInclude>
    <ClInclude Include="j1Physic.h">
      <Filter>Modules</Filter>
    </ClInclude>
    <ClInclude Include="j1Player.h">
      <Filter>Modules</Filter>
    </ClInclude>
    <ClInclude Include="j1Render.h">
      <Filter>Modules</Filter>
    </ClInclude>
    <ClInclude Include="j1Scene.h">
      <Filter>Modules</Filter>
    </ClInclude>
    <ClInclude Include="j1Textures.h">
      <Filter>Modules</Filter>
    </ClInclude>
    <ClInclude Include="j1Window.h">
      <Filter>Modules</Filter>
    </ClInclude>
  </ItemGroup>
  <ItemGroup>
    <Xml Include="..\Game\savegame.xml">
      <Filter>XMLs</Filter>
    </Xml>
    <Xml Include="..\Game\config.xml">
      <Filter>XMLs</Filter>
    </Xml>
  </ItemGroup>
  <ItemGroup>
    <Filter Include="Modules">
      <UniqueIdentifier>{4c2ed317-ed84-4fb2-a53d-d70330c8aca7}</UniqueIdentifier>
    </Filter>
    <Filter Include="XMLs">
      <UniqueIdentifier>{bf3e2fe0-458f-48c4-a811-aba611f4c056}</UniqueIdentifier>
    </Filter>
    <Filter Include="Prog 2">
      <UniqueIdentifier>{32c23b79-39a1-4c54-9ca8-ff985ebda313}</UniqueIdentifier>
    </Filter>
    <Filter Include="Pugi::XML">
      <UniqueIdentifier>{0b62aab0-a275-48f7-909b-1ae43834d0e7}</UniqueIdentifier>
    </Filter>
  </ItemGroup>
</Project>